
Microsoft Visual Studio Solution File, Format Version 12.00
# Visual Studio Version 17
VisualStudioVersion = 17.0.32014.148
MinimumVisualStudioVersion = 10.0.40219.1
Project("{FAE04EC0-301F-11D3-BF4B-00C04F79EFBC}") = "MonitorErro", "MonitorErro\MonitorErro.csproj", "{DAE0154D-7274-498A-99FC-9BC2DA57045E}"
EndProject
Global
	GlobalSection(SolutionConfigurationPlatforms) = preSolution
		Debug|Any CPU = Debug|Any CPU
		Release|Any CPU = Release|Any CPU
	EndGlobalSection
	GlobalSection(ProjectConfigurationPlatforms) = postSolution
		{DAE0154D-7274-498A-99FC-9BC2DA57045E}.Debug|Any CPU.ActiveCfg = Debug|Any CPU
		{DAE0154D-7274-498A-99FC-9BC2DA57045E}.Debug|Any CPU.Build.0 = Debug|Any CPU
		{DAE0154D-7274-498A-99FC-9BC2DA57045E}.Release|Any CPU.ActiveCfg = Release|Any CPU
		{DAE0154D-7274-498A-99FC-9BC2DA57045E}.Release|Any CPU.Build.0 = Release|Any CPU
	EndGlobalSection
	GlobalSection(SolutionProperties) = preSolution
		HideSolutionNode = FALSE
	EndGlobalSection
	GlobalSection(ExtensibilityGlobals) = postSolution
		SolutionGuid = {DEAF8C8F-BB88-412A-AB2C-A95D0DE9AC07}
	EndGlobalSection
EndGlobal
